
Microsoft Visual Studio Solution File, Format Version 12.00
# Visual Studio Version 17
VisualStudioVersion = 17.3.32811.315
MinimumVisualStudioVersion = 10.0.40219.1
Project("{FAE04EC0-301F-11D3-BF4B-00C04F79EFBC}") = "FindLeapYear", "FindLeapYear.csproj", "{258B3FB8-45A6-431C-B01D-029F06611A37}"
EndProject
Global
	GlobalSection(SolutionConfigurationPlatforms) = preSolution
		Debug|Any CPU = Debug|Any CPU
		Release|Any CPU = Release|Any CPU
	EndGlobalSection
	GlobalSection(ProjectConfigurationPlatforms) = postSolution
		{258B3FB8-45A6-431C-B01D-029F06611A37}.Debug|Any CPU.ActiveCfg = Debug|Any CPU
		{258B3FB8-45A6-431C-B01D-029F06611A37}.Debug|Any CPU.Build.0 = Debug|Any CPU
		{258B3FB8-45A6-431C-B01D-029F06611A37}.Release|Any CPU.ActiveCfg = Release|Any CPU
		{258B3FB8-45A6-431C-B01D-029F06611A37}.Release|Any CPU.Build.0 = Release|Any CPU
	EndGlobalSection
	GlobalSection(SolutionProperties) = preSolution
		HideSolutionNode = FALSE
	EndGlobalSection
	GlobalSection(ExtensibilityGlobals) = postSolution
		SolutionGuid = {2B30C566-9B1A-462A-922E-275F8F2642A3}
	EndGlobalSection
EndGlobal
